
Microsoft Visual Studio Solution File, Format Version 12.00
# Visual Studio Version 16
VisualStudioVersion = 16.0.31229.75
MinimumVisualStudioVersion = 10.0.40219.1
Project("{FAE04EC0-301F-11D3-BF4B-00C04F79EFBC}") = "LoginPageApplication", "LoginPageApplication\LoginPageApplication.csproj", "{3322B1AE-EE94-4051-AC26-D214C9E3F256}"
EndProject
Project("{FAE04EC0-301F-11D3-BF4B-00C04F79EFBC}") = "AirlineReservation", "AirlineReservation\AirlineReservation.csproj", "{43586114-D8DB-49FD-A3A8-C429B5954B01}"
EndProject
Global
	GlobalSection(SolutionConfigurationPlatforms) = preSolution
		Debug|Any CPU = Debug|Any CPU
		Release|Any CPU = Release|Any CPU
	EndGlobalSection
	GlobalSection(ProjectConfigurationPlatforms) = postSolution
		{3322B1AE-EE94-4051-AC26-D214C9E3F256}.Debug|Any CPU.ActiveCfg = Debug|Any CPU
		{3322B1AE-EE94-4051-AC26-D214C9E3F256}.Debug|Any CPU.Build.0 = Debug|Any CPU
		{3322B1AE-EE94-4051-AC26-D214C9E3F256}.Release|Any CPU.ActiveCfg = Release|Any CPU
		{3322B1AE-EE94-4051-AC26-D214C9E3F256}.Release|Any CPU.Build.0 = Release|Any CPU
		{43586114-D8DB-49FD-A3A8-C429B5954B01}.Debug|Any CPU.ActiveCfg = Debug|Any CPU
		{43586114-D8DB-49FD-A3A8-C429B5954B01}.Debug|Any CPU.Build.0 = Debug|Any CPU
		{43586114-D8DB-49FD-A3A8-C429B5954B01}.Release|Any CPU.ActiveCfg = Release|Any CPU
		{43586114-D8DB-49FD-A3A8-C429B5954B01}.Release|Any CPU.Build.0 = Release|Any CPU
	EndGlobalSection
	GlobalSection(SolutionProperties) = preSolution
		HideSolutionNode = FALSE
	EndGlobalSection
	GlobalSection(ExtensibilityGlobals) = postSolution
		SolutionGuid = {BAAE5D32-4DAA-4509-B2AD-00A4483831BE}
	EndGlobalSection
EndGlobal
